
Microsoft Visual Studio Solution File, Format Version 12.00
# Visual Studio Version 17
VisualStudioVersion = 17.12.35707.178 d17.12
MinimumVisualStudioVersion = 10.0.40219.1
Project("{FAE04EC0-301F-11D3-BF4B-00C04F79EFBC}") = "CRUD.Domain", "CRUD.Domain\CRUD.Domain.csproj", "{FF53D0C2-2199-4359-BCD1-584C76AE5E5A}"
EndProject
Project("{FAE04EC0-301F-11D3-BF4B-00C04F79EFBC}") = "CRUD.Application", "CRUD.Application\CRUD.Application.csproj", "{87D014BE-FA80-4087-966A-2DCDA9C234CF}"
EndProject
Project("{FAE04EC0-301F-11D3-BF4B-00C04F79EFBC}") = "CRUD.Infrastructure", "CRUD.Infrastructure\CRUD.Infrastructure.csproj", "{4FEA8AD9-602D-453F-BDDE-5E2550BFA8E6}"
EndProject
Project("{FAE04EC0-301F-11D3-BF4B-00C04F79EFBC}") = "CRUD.Presentation", "CRUD.Presentation\CRUD.Presentation.csproj", "{DA1AB346-D9A8-4BBA-AF28-3FE4988850B0}"
EndProject
Global
	GlobalSection(SolutionConfigurationPlatforms) = preSolution
		Debug|Any CPU = Debug|Any CPU
		Release|Any CPU = Release|Any CPU
	EndGlobalSection
	GlobalSection(ProjectConfigurationPlatforms) = postSolution
		{FF53D0C2-2199-4359-BCD1-584C76AE5E5A}.Debug|Any CPU.ActiveCfg = Debug|Any CPU
		{FF53D0C2-2199-4359-BCD1-584C76AE5E5A}.Debug|Any CPU.Build.0 = Debug|Any CPU
		{FF53D0C2-2199-4359-BCD1-584C76AE5E5A}.Release|Any CPU.ActiveCfg = Release|Any CPU
		{FF53D0C2-2199-4359-BCD1-584C76AE5E5A}.Release|Any CPU.Build.0 = Release|Any CPU
		{87D014BE-FA80-4087-966A-2DCDA9C234CF}.Debug|Any CPU.ActiveCfg = Debug|Any CPU
		{87D014BE-FA80-4087-966A-2DCDA9C234CF}.Debug|Any CPU.Build.0 = Debug|Any CPU
		{87D014BE-FA80-4087-966A-2DCDA9C234CF}.Release|Any CPU.ActiveCfg = Release|Any CPU
		{87D014BE-FA80-4087-966A-2DCDA9C234CF}.Release|Any CPU.Build.0 = Release|Any CPU
		{4FEA8AD9-602D-453F-BDDE-5E2550BFA8E6}.Debug|Any CPU.ActiveCfg = Debug|Any CPU
		{4FEA8AD9-602D-453F-BDDE-5E2550BFA8E6}.Debug|Any CPU.Build.0 = Debug|Any CPU
		{4FEA8AD9-602D-453F-BDDE-5E2550BFA8E6}.Release|Any CPU.ActiveCfg = Release|Any CPU
		{4FEA8AD9-602D-453F-BDDE-5E2550BFA8E6}.Release|Any CPU.Build.0 = Release|Any CPU
		{DA1AB346-D9A8-4BBA-AF28-3FE4988850B0}.Debug|Any CPU.ActiveCfg = Debug|Any CPU
		{DA1AB346-D9A8-4BBA-AF28-3FE4988850B0}.Debug|Any CPU.Build.0 = Debug|Any CPU
		{DA1AB346-D9A8-4BBA-AF28-3FE4988850B0}.Release|Any CPU.ActiveCfg = Release|Any CPU
		{DA1AB346-D9A8-4BBA-AF28-3FE4988850B0}.Release|Any CPU.Build.0 = Release|Any CPU
	EndGlobalSection
	GlobalSection(SolutionProperties) = preSolution
		HideSolutionNode = FALSE
	EndGlobalSection
EndGlobal
